// !$*UTF8*$!
{
	archiveVersion = 1;
	classes = {
	};
	objectVersion = 55;
	objects = {

/* Begin PBXBuildFile section */
		8426EA0D285CC01700F1F500 /* Constants.swift in Sources */ = {isa = PBXBuildFile; fileRef = 8426EA0C285CC01700F1F500 /* Constants.swift */; };
		8426EA16285FCFC000F1F500 /* SheetDimension.swift in Sources */ = {isa = PBXBuildFile; fileRef = 8426EA15285FCFC000F1F500 /* SheetDimension.swift */; };
		84AAC26928562E960008C9E9 /* CloudRepository.swift in Sources */ = {isa = PBXBuildFile; fileRef = 84AAC26828562E950008C9E9 /* CloudRepository.swift */; };
		84C06F1A28521FC900000AD1 /* FilesTableViewDataSourcer.swift in Sources */ = {isa = PBXBuildFile; fileRef = 84C06F1928521FC900000AD1 /* FilesTableViewDataSourcer.swift */; };
		84C06F1C2852208900000AD1 /* FilesPresenter.swift in Sources */ = {isa = PBXBuildFile; fileRef = 84C06F1B2852208900000AD1 /* FilesPresenter.swift */; };
		84C06F1F285220E300000AD1 /* FilesTableViewDelegator.swift in Sources */ = {isa = PBXBuildFile; fileRef = 84C06F1E285220E300000AD1 /* FilesTableViewDelegator.swift */; };
		84C06F212852215400000AD1 /* FilesCollectionViewDataSourcer.swift in Sources */ = {isa = PBXBuildFile; fileRef = 84C06F202852215400000AD1 /* FilesCollectionViewDataSourcer.swift */; };
		84C06F232852222E00000AD1 /* FilesCollectionViewFlowLayoutDelegator.swift in Sources */ = {isa = PBXBuildFile; fileRef = 84C06F222852222E00000AD1 /* FilesCollectionViewFlowLayoutDelegator.swift */; };
		84C06F26285234B900000AD1 /* FileType+systemImageName.swift in Sources */ = {isa = PBXBuildFile; fileRef = 84C06F25285234B900000AD1 /* FileType+systemImageName.swift */; };
		84C06F2A2852380100000AD1 /* FilesRouter.swift in Sources */ = {isa = PBXBuildFile; fileRef = 84C06F292852380100000AD1 /* FilesRouter.swift */; };
		84C06F2D2852446700000AD1 /* UUID+zero.swift in Sources */ = {isa = PBXBuildFile; fileRef = 84C06F2C2852446700000AD1 /* UUID+zero.swift */; };
		84C06F3128526F7E00000AD1 /* FilesModuleBuilder.swift in Sources */ = {isa = PBXBuildFile; fileRef = 84C06F3028526F7E00000AD1 /* FilesModuleBuilder.swift */; };
		84C06F332852728B00000AD1 /* FilesViewProtocol.swift in Sources */ = {isa = PBXBuildFile; fileRef = 84C06F322852728B00000AD1 /* FilesViewProtocol.swift */; };
		84C06F3728528C1500000AD1 /* FilesNetworkLayer.swift in Sources */ = {isa = PBXBuildFile; fileRef = 84C06F3628528C1500000AD1 /* FilesNetworkLayer.swift */; };
		84C06F3928528C3400000AD1 /* FilesNetworkLayerDelegate.swift in Sources */ = {isa = PBXBuildFile; fileRef = 84C06F3828528C3400000AD1 /* FilesNetworkLayerDelegate.swift */; };
		84C06F3B28528D2E00000AD1 /* SheetValueRangeEntity.swift in Sources */ = {isa = PBXBuildFile; fileRef = 84C06F3A28528D2E00000AD1 /* SheetValueRangeEntity.swift */; };
		84C06F3D28528EA100000AD1 /* SheetEntity.swift in Sources */ = {isa = PBXBuildFile; fileRef = 84C06F3C28528EA100000AD1 /* SheetEntity.swift */; };
		84C936C4284FA405001DA450 /* FilesViewController.swift in Sources */ = {isa = PBXBuildFile; fileRef = 84C936C3284FA405001DA450 /* FilesViewController.swift */; };
		84C936C8284FA809001DA450 /* FileCollectionViewCell.swift in Sources */ = {isa = PBXBuildFile; fileRef = 84C936C7284FA809001DA450 /* FileCollectionViewCell.swift */; };
		84EFC14D284F94C800F814BE /* AppDelegate.swift in Sources */ = {isa = PBXBuildFile; fileRef = 84EFC14C284F94C800F814BE /* AppDelegate.swift */; };
		84EFC14F284F94C800F814BE /* SceneDelegate.swift in Sources */ = {isa = PBXBuildFile; fileRef = 84EFC14E284F94C800F814BE /* SceneDelegate.swift */; };
		84FBBB8228515B70005EC458 /* FileEntity.swift in Sources */ = {isa = PBXBuildFile; fileRef = 84FBBB8128515B70005EC458 /* FileEntity.swift */; };
		84FBBB8428515C6C005EC458 /* FileType.swift in Sources */ = {isa = PBXBuildFile; fileRef = 84FBBB8328515C6C005EC458 /* FileType.swift */; };
		84FBBB8628516257005EC458 /* FileTableViewCell.swift in Sources */ = {isa = PBXBuildFile; fileRef = 84FBBB8528516257005EC458 /* FileTableViewCell.swift */; };
		84FBBB8828521D36005EC458 /* FilesViewDrawer.swift in Sources */ = {isa = PBXBuildFile; fileRef = 84FBBB8728521D36005EC458 /* FilesViewDrawer.swift */; };
		84FBBB8A28521D4B005EC458 /* FilesViewDrawerDelegate.swift in Sources */ = {isa = PBXBuildFile; fileRef = 84FBBB8928521D4B005EC458 /* FilesViewDrawerDelegate.swift */; };
/* End PBXBuildFile section */

/* Begin PBXFileReference section */
		8426EA0C285CC01700F1F500 /* Constants.swift */ = {isa = PBXFileReference; lastKnownFileType = sourcecode.swift; path = Constants.swift; sourceTree = "<group>"; };
		8426EA15285FCFC000F1F500 /* SheetDimension.swift */ = {isa = PBXFileReference; lastKnownFileType = sourcecode.swift; path = SheetDimension.swift; sourceTree = "<group>"; };
		84AAC26828562E950008C9E9 /* CloudRepository.swift */ = {isa = PBXFileReference; fileEncoding = 4; lastKnownFileType = sourcecode.swift; path = CloudRepository.swift; sourceTree = "<group>"; };
		84C06F1928521FC900000AD1 /* FilesTableViewDataSourcer.swift */ = {isa = PBXFileReference; lastKnownFileType = sourcecode.swift; path = FilesTableViewDataSourcer.swift; sourceTree = "<group>"; };
		84C06F1B2852208900000AD1 /* FilesPresenter.swift */ = {isa = PBXFileReference; lastKnownFileType = sourcecode.swift; path = FilesPresenter.swift; sourceTree = "<group>"; };
		84C06F1E285220E300000AD1 /* FilesTableViewDelegator.swift */ = {isa = PBXFileReference; lastKnownFileType = sourcecode.swift; path = FilesTableViewDelegator.swift; sourceTree = "<group>"; };
		84C06F202852215400000AD1 /* FilesCollectionViewDataSourcer.swift */ = {isa = PBXFileReference; lastKnownFileType = sourcecode.swift; path = FilesCollectionViewDataSourcer.swift; sourceTree = "<group>"; };
		84C06F222852222E00000AD1 /* FilesCollectionViewFlowLayoutDelegator.swift */ = {isa = PBXFileReference; lastKnownFileType = sourcecode.swift; path = FilesCollectionViewFlowLayoutDelegator.swift; sourceTree = "<group>"; };
		84C06F25285234B900000AD1 /* FileType+systemImageName.swift */ = {isa = PBXFileReference; lastKnownFileType = sourcecode.swift; path = "FileType+systemImageName.swift"; sourceTree = "<group>"; };
		84C06F292852380100000AD1 /* FilesRouter.swift */ = {isa = PBXFileReference; lastKnownFileType = sourcecode.swift; path = FilesRouter.swift; sourceTree = "<group>"; };
		84C06F2C2852446700000AD1 /* UUID+zero.swift */ = {isa = PBXFileReference; lastKnownFileType = sourcecode.swift; path = "UUID+zero.swift"; sourceTree = "<group>"; };
		84C06F3028526F7E00000AD1 /* FilesModuleBuilder.swift */ = {isa = PBXFileReference; lastKnownFileType = sourcecode.swift; path = FilesModuleBuilder.swift; sourceTree = "<group>"; };
		84C06F322852728B00000AD1 /* FilesViewProtocol.swift */ = {isa = PBXFileReference; lastKnownFileType = sourcecode.swift; path = FilesViewProtocol.swift; sourceTree = "<group>"; };
		84C06F3628528C1500000AD1 /* FilesNetworkLayer.swift */ = {isa = PBXFileReference; lastKnownFileType = sourcecode.swift; path = FilesNetworkLayer.swift; sourceTree = "<group>"; };
		84C06F3828528C3400000AD1 /* FilesNetworkLayerDelegate.swift */ = {isa = PBXFileReference; lastKnownFileType = sourcecode.swift; path = FilesNetworkLayerDelegate.swift; sourceTree = "<group>"; };
		84C06F3A28528D2E00000AD1 /* SheetValueRangeEntity.swift */ = {isa = PBXFileReference; lastKnownFileType = sourcecode.swift; path = SheetValueRangeEntity.swift; sourceTree = "<group>"; };
		84C06F3C28528EA100000AD1 /* SheetEntity.swift */ = {isa = PBXFileReference; lastKnownFileType = sourcecode.swift; path = SheetEntity.swift; sourceTree = "<group>"; };
		84C936C3284FA405001DA450 /* FilesViewController.swift */ = {isa = PBXFileReference; lastKnownFileType = sourcecode.swift; path = FilesViewController.swift; sourceTree = "<group>"; wrapsLines = 1; };
		84C936C7284FA809001DA450 /* FileCollectionViewCell.swift */ = {isa = PBXFileReference; lastKnownFileType = sourcecode.swift; path = FileCollectionViewCell.swift; sourceTree = "<group>"; wrapsLines = 1; };
		84EFC149284F94C800F814BE /* PocketFile.app */ = {isa = PBXFileReference; explicitFileType = wrapper.application; includeInIndex = 0; path = PocketFile.app; sourceTree = BUILT_PRODUCTS_DIR; };
		84EFC14C284F94C800F814BE /* AppDelegate.swift */ = {isa = PBXFileReference; lastKnownFileType = sourcecode.swift; path = AppDelegate.swift; sourceTree = "<group>"; wrapsLines = 1; };
		84EFC14E284F94C800F814BE /* SceneDelegate.swift */ = {isa = PBXFileReference; lastKnownFileType = sourcecode.swift; path = SceneDelegate.swift; sourceTree = "<group>"; };
		84EFC15A284F94CA00F814BE /* Info.plist */ = {isa = PBXFileReference; lastKnownFileType = text.plist.xml; path = Info.plist; sourceTree = "<group>"; };
		84FBBB8128515B70005EC458 /* FileEntity.swift */ = {isa = PBXFileReference; lastKnownFileType = sourcecode.swift; path = FileEntity.swift; sourceTree = "<group>"; };
		84FBBB8328515C6C005EC458 /* FileType.swift */ = {isa = PBXFileReference; lastKnownFileType = sourcecode.swift; path = FileType.swift; sourceTree = "<group>"; };
		84FBBB8528516257005EC458 /* FileTableViewCell.swift */ = {isa = PBXFileReference; lastKnownFileType = sourcecode.swift; path = FileTableViewCell.swift; sourceTree = "<group>"; };
		84FBBB8728521D36005EC458 /* FilesViewDrawer.swift */ = {isa = PBXFileReference; fileEncoding = 4; lastKnownFileType = sourcecode.swift; path = FilesViewDrawer.swift; sourceTree = "<group>"; };
		84FBBB8928521D4B005EC458 /* FilesViewDrawerDelegate.swift */ = {isa = PBXFileReference; fileEncoding = 4; lastKnownFileType = sourcecode.swift; path = FilesViewDrawerDelegate.swift; sourceTree = "<group>"; };
/* End PBXFileReference section */

/* Begin PBXFrameworksBuildPhase section */
		84EFC146284F94C800F814BE /* Frameworks */ = {
			isa = PBXFrameworksBuildPhase;
			buildActionMask = 2147483647;
			files = (
			);
			runOnlyForDeploymentPostprocessing = 0;
		};
/* End PBXFrameworksBuildPhase section */

/* Begin PBXGroup section */
		84AAC2612853B2B50008C9E9 /* Repositories */ = {
			isa = PBXGroup;
			children = (
				84AAC26828562E950008C9E9 /* CloudRepository.swift */,
			);
			path = Repositories;
			sourceTree = "<group>";
		};
		84AAC267285619AF0008C9E9 /* Delegates */ = {
			isa = PBXGroup;
			children = (
				84FBBB8928521D4B005EC458 /* FilesViewDrawerDelegate.swift */,
				84C06F3828528C3400000AD1 /* FilesNetworkLayerDelegate.swift */,
			);
			path = Delegates;
			sourceTree = "<group>";
		};
		84C06F1D2852208C00000AD1 /* Presenters */ = {
			isa = PBXGroup;
			children = (
				84C06F1B2852208900000AD1 /* FilesPresenter.swift */,
			);
			path = Presenters;
			sourceTree = "<group>";
		};
		84C06F24285234A600000AD1 /* Extensions */ = {
			isa = PBXGroup;
			children = (
				84C06F25285234B900000AD1 /* FileType+systemImageName.swift */,
			);
			path = Extensions;
			sourceTree = "<group>";
		};
		84C06F28285237FA00000AD1 /* Routers */ = {
			isa = PBXGroup;
			children = (
				84C06F292852380100000AD1 /* FilesRouter.swift */,
			);
			path = Routers;
			sourceTree = "<group>";
		};
		84C06F2B2852445E00000AD1 /* Extensions */ = {
			isa = PBXGroup;
			children = (
				84C06F2C2852446700000AD1 /* UUID+zero.swift */,
			);
			path = Extensions;
			sourceTree = "<group>";
		};
		84C06F2E28526F1B00000AD1 /* Protocols */ = {
			isa = PBXGroup;
			children = (
				84C06F322852728B00000AD1 /* FilesViewProtocol.swift */,
				84AAC267285619AF0008C9E9 /* Delegates */,
			);
			path = Protocols;
			sourceTree = "<group>";
		};
		84C06F2F28526F6F00000AD1 /* Builders */ = {
			isa = PBXGroup;
			children = (
				84C06F3028526F7E00000AD1 /* FilesModuleBuilder.swift */,
			);
			path = Builders;
			sourceTree = "<group>";
		};
		84C06F3428528C0000000AD1 /* Services */ = {
			isa = PBXGroup;
			children = (
				84AAC2612853B2B50008C9E9 /* Repositories */,
				84C06F3528528C0400000AD1 /* Network */,
			);
			path = Services;
			sourceTree = "<group>";
		};
		84C06F3528528C0400000AD1 /* Network */ = {
			isa = PBXGroup;
			children = (
				84C06F3628528C1500000AD1 /* FilesNetworkLayer.swift */,
			);
			path = Network;
			sourceTree = "<group>";
		};
		84C936C0284FA27F001DA450 /* Views */ = {
			isa = PBXGroup;
			children = (
				84C936C3284FA405001DA450 /* FilesViewController.swift */,
				84C936C5284FA7AB001DA450 /* Cells */,
				84FBBB8B28521D4E005EC458 /* Helpers */,
				84C06F24285234A600000AD1 /* Extensions */,
			);
			path = Views;
			sourceTree = "<group>";
		};
		84C936C5284FA7AB001DA450 /* Cells */ = {
			isa = PBXGroup;
			children = (
				84C936C7284FA809001DA450 /* FileCollectionViewCell.swift */,
				84FBBB8528516257005EC458 /* FileTableViewCell.swift */,
			);
			path = Cells;
			sourceTree = "<group>";
		};
		84EFC140284F94C800F814BE = {
			isa = PBXGroup;
			children = (
				84EFC14B284F94C800F814BE /* PocketFile */,
				84EFC14A284F94C800F814BE /* Products */,
			);
			sourceTree = "<group>";
		};
		84EFC14A284F94C800F814BE /* Products */ = {
			isa = PBXGroup;
			children = (
				84EFC149284F94C800F814BE /* PocketFile.app */,
			);
			name = Products;
			sourceTree = "<group>";
		};
		84EFC14B284F94C800F814BE /* PocketFile */ = {
			isa = PBXGroup;
			children = (
				84EFC15A284F94CA00F814BE /* Info.plist */,
				84EFC14C284F94C800F814BE /* AppDelegate.swift */,
				84EFC14E284F94C800F814BE /* SceneDelegate.swift */,
				8426EA0C285CC01700F1F500 /* Constants.swift */,
				84C06F2B2852445E00000AD1 /* Extensions */,
				84C06F2F28526F6F00000AD1 /* Builders */,
				84FBBB8028515B5E005EC458 /* Entities */,
				84C06F2E28526F1B00000AD1 /* Protocols */,
				84C06F3428528C0000000AD1 /* Services */,
				84C06F1D2852208C00000AD1 /* Presenters */,
				84C06F28285237FA00000AD1 /* Routers */,
				84C936C0284FA27F001DA450 /* Views */,
			);
			path = PocketFile;
			sourceTree = "<group>";
		};
		84FBBB8028515B5E005EC458 /* Entities */ = {
			isa = PBXGroup;
			children = (
				84FBBB8128515B70005EC458 /* FileEntity.swift */,
				84FBBB8328515C6C005EC458 /* FileType.swift */,
				84C06F3A28528D2E00000AD1 /* SheetValueRangeEntity.swift */,
				84C06F3C28528EA100000AD1 /* SheetEntity.swift */,
				8426EA15285FCFC000F1F500 /* SheetDimension.swift */,
			);
			path = Entities;
			sourceTree = "<group>";
		};
		84FBBB8B28521D4E005EC458 /* Helpers */ = {
			isa = PBXGroup;
			children = (
				84FBBB8728521D36005EC458 /* FilesViewDrawer.swift */,
				84C06F1928521FC900000AD1 /* FilesTableViewDataSourcer.swift */,
				84C06F1E285220E300000AD1 /* FilesTableViewDelegator.swift */,
				84C06F202852215400000AD1 /* FilesCollectionViewDataSourcer.swift */,
				84C06F222852222E00000AD1 /* FilesCollectionViewFlowLayoutDelegator.swift */,
			);
			path = Helpers;
			sourceTree = "<group>";
		};
/* End PBXGroup section */

/* Begin PBXNativeTarget section */
		84EFC148284F94C800F814BE /* PocketFile */ = {
			isa = PBXNativeTarget;
			buildConfigurationList = 84EFC15D284F94CA00F814BE /* Build configuration list for PBXNativeTarget "PocketFile" */;
			buildPhases = (
				84EFC145284F94C800F814BE /* Sources */,
				84EFC146284F94C800F814BE /* Frameworks */,
				84EFC147284F94C800F814BE /* Resources */,
			);
			buildRules = (
			);
			dependencies = (
			);
			name = PocketFile;
			productName = PocketFile;
			productReference = 84EFC149284F94C800F814BE /* PocketFile.app */;
			productType = "com.apple.product-type.application";
		};
/* End PBXNativeTarget section */

/* Begin PBXProject section */
		84EFC141284F94C800F814BE /* Project object */ = {
			isa = PBXProject;
			attributes = {
				BuildIndependentTargetsInParallel = 1;
				LastSwiftUpdateCheck = 1340;
				LastUpgradeCheck = 1340;
				TargetAttributes = {
					84EFC148284F94C800F814BE = {
						CreatedOnToolsVersion = 13.4;
					};
				};
			};
			buildConfigurationList = 84EFC144284F94C800F814BE /* Build configuration list for PBXProject "PocketFile" */;
			compatibilityVersion = "Xcode 13.0";
			developmentRegion = en;
			hasScannedForEncodings = 0;
			knownRegions = (
				en,
				Base,
			);
			mainGroup = 84EFC140284F94C800F814BE;
			productRefGroup = 84EFC14A284F94C800F814BE /* Products */;
			projectDirPath = "";
			projectRoot = "";
			targets = (
				84EFC148284F94C800F814BE /* PocketFile */,
			);
		};
/* End PBXProject section */

/* Begin PBXResourcesBuildPhase section */
		84EFC147284F94C800F814BE /* Resources */ = {
			isa = PBXResourcesBuildPhase;
			buildActionMask = 2147483647;
			files = (
			);
			runOnlyForDeploymentPostprocessing = 0;
		};
/* End PBXResourcesBuildPhase section */

/* Begin PBXSourcesBuildPhase section */
		84EFC145284F94C800F814BE /* Sources */ = {
			isa = PBXSourcesBuildPhase;
			buildActionMask = 2147483647;
			files = (
				8426EA0D285CC01700F1F500 /* Constants.swift in Sources */,
				84C06F3928528C3400000AD1 /* FilesNetworkLayerDelegate.swift in Sources */,
				84C06F2A2852380100000AD1 /* FilesRouter.swift in Sources */,
				84FBBB8428515C6C005EC458 /* FileType.swift in Sources */,
				84C06F1C2852208900000AD1 /* FilesPresenter.swift in Sources */,
				84FBBB8828521D36005EC458 /* FilesViewDrawer.swift in Sources */,
				84FBBB8A28521D4B005EC458 /* FilesViewDrawerDelegate.swift in Sources */,
				84FBBB8228515B70005EC458 /* FileEntity.swift in Sources */,
				84C06F3D28528EA100000AD1 /* SheetEntity.swift in Sources */,
				84C06F2D2852446700000AD1 /* UUID+zero.swift in Sources */,
				84EFC14D284F94C800F814BE /* AppDelegate.swift in Sources */,
				84AAC26928562E960008C9E9 /* CloudRepository.swift in Sources */,
				84C06F3728528C1500000AD1 /* FilesNetworkLayer.swift in Sources */,
				84C936C8284FA809001DA450 /* FileCollectionViewCell.swift in Sources */,
				8426EA16285FCFC000F1F500 /* SheetDimension.swift in Sources */,
				84C06F3128526F7E00000AD1 /* FilesModuleBuilder.swift in Sources */,
				84C06F232852222E00000AD1 /* FilesCollectionViewFlowLayoutDelegator.swift in Sources */,
				84C06F1F285220E300000AD1 /* FilesTableViewDelegator.swift in Sources */,
				84FBBB8628516257005EC458 /* FileTableViewCell.swift in Sources */,
				84C06F1A28521FC900000AD1 /* FilesTableViewDataSourcer.swift in Sources */,
				84C936C4284FA405001DA450 /* FilesViewController.swift in Sources */,
				84C06F212852215400000AD1 /* FilesCollectionViewDataSourcer.swift in Sources */,
				84C06F3B28528D2E00000AD1 /* SheetValueRangeEntity.swift in Sources */,
				84EFC14F284F94C800F814BE /* SceneDelegate.swift in Sources */,
				84C06F26285234B900000AD1 /* FileType+systemImageName.swift in Sources */,
				84C06F332852728B00000AD1 /* FilesViewProtocol.swift in Sources */,
			);
			runOnlyForDeploymentPostprocessing = 0;
		};
/* End PBXSourcesBuildPhase section */

/* Begin XCBuildConfiguration section */
		84EFC15B284F94CA00F814BE /* Debug */ = {
			isa = XCBuildConfiguration;
			buildSettings = {
				ALWAYS_SEARCH_USER_PATHS = NO;
				CLANG_ANALYZER_NONNULL = YES;
				CLANG_ANALYZER_NUMBER_OBJECT_CONVERSION = YES_AGGRESSIVE;
				CLANG_CXX_LANGUAGE_STANDARD = "gnu++17";
				CLANG_ENABLE_MODULES = YES;
				CLANG_ENABLE_OBJC_ARC = YES;
				CLANG_ENABLE_OBJC_WEAK = YES;
				CLANG_STATIC_ANALYZER_MODE = shallow;
				CLANG_WARN_BLOCK_CAPTURE_AUTORELEASING = YES;
				CLANG_WARN_BOOL_CONVERSION = YES;
				CLANG_WARN_COMMA = YES;
				CLANG_WARN_CONSTANT_CONVERSION = YES;
				CLANG_WARN_DEPRECATED_OBJC_IMPLEMENTATIONS = YES;
				CLANG_WARN_DIRECT_OBJC_ISA_USAGE = YES_ERROR;
				CLANG_WARN_DOCUMENTATION_COMMENTS = YES;
				CLANG_WARN_EMPTY_BODY = YES;
				CLANG_WARN_ENUM_CONVERSION = YES;
				CLANG_WARN_INFINITE_RECURSION = YES;
				CLANG_WARN_INT_CONVERSION = YES;
				CLANG_WARN_NON_LITERAL_NULL_CONVERSION = YES;
				CLANG_WARN_OBJC_IMPLICIT_RETAIN_SELF = YES;
				CLANG_WARN_OBJC_LITERAL_CONVERSION = YES;
				CLANG_WARN_OBJC_ROOT_CLASS = YES_ERROR;
				CLANG_WARN_QUOTED_INCLUDE_IN_FRAMEWORK_HEADER = YES;
				CLANG_WARN_RANGE_LOOP_ANALYSIS = YES;
				CLANG_WARN_STRICT_PROTOTYPES = YES;
				CLANG_WARN_SUSPICIOUS_MOVE = YES;
				CLANG_WARN_UNGUARDED_AVAILABILITY = YES_AGGRESSIVE;
				CLANG_WARN_UNREACHABLE_CODE = YES;
				CLANG_WARN__DUPLICATE_METHOD_MATCH = YES;
				COPY_PHASE_STRIP = NO;
				DEBUG_INFORMATION_FORMAT = dwarf;
				ENABLE_STRICT_OBJC_MSGSEND = YES;
				ENABLE_TESTABILITY = YES;
				GCC_C_LANGUAGE_STANDARD = gnu11;
				GCC_DYNAMIC_NO_PIC = NO;
				GCC_NO_COMMON_BLOCKS = YES;
				GCC_OPTIMIZATION_LEVEL = 0;
				GCC_PREPROCESSOR_DEFINITIONS = (
					"DEBUG=1",
					"$(inherited)",
				);
				GCC_WARN_64_TO_32_BIT_CONVERSION = YES;
				GCC_WARN_ABOUT_RETURN_TYPE = YES_ERROR;
				GCC_WARN_UNDECLARED_SELECTOR = YES;
				GCC_WARN_UNINITIALIZED_AUTOS = YES_AGGRESSIVE;
				GCC_WARN_UNUSED_FUNCTION = YES;
				GCC_WARN_UNUSED_VARIABLE = YES;
				IPHONEOS_DEPLOYMENT_TARGET = 15.5;
				MTL_ENABLE_DEBUG_INFO = INCLUDE_SOURCE;
				MTL_FAST_MATH = YES;
				ONLY_ACTIVE_ARCH = YES;
				SDKROOT = iphoneos;
				SWIFT_ACTIVE_COMPILATION_CONDITIONS = DEBUG;
				SWIFT_OPTIMIZATION_LEVEL = "-Onone";
			};
			name = Debug;
		};
		84EFC15C284F94CA00F814BE /* Release */ = {
			isa = XCBuildConfiguration;
			buildSettings = {
				ALWAYS_SEARCH_USER_PATHS = NO;
				CLANG_ANALYZER_NONNULL = YES;
				CLANG_ANALYZER_NUMBER_OBJECT_CONVERSION = YES_AGGRESSIVE;
				CLANG_CXX_LANGUAGE_STANDARD = "gnu++17";
				CLANG_ENABLE_MODULES = YES;
				CLANG_ENABLE_OBJC_ARC = YES;
				CLANG_ENABLE_OBJC_WEAK = YES;
				CLANG_STATIC_ANALYZER_MODE = shallow;
				CLANG_WARN_BLOCK_CAPTURE_AUTORELEASING = YES;
				CLANG_WARN_BOOL_CONVERSION = YES;
				CLANG_WARN_COMMA = YES;
				CLANG_WARN_CONSTANT_CONVERSION = YES;
				CLANG_WARN_DEPRECATED_OBJC_IMPLEMENTATIONS = YES;
				CLANG_WARN_DIRECT_OBJC_ISA_USAGE = YES_ERROR;
				CLANG_WARN_DOCUMENTATION_COMMENTS = YES;
				CLANG_WARN_EMPTY_BODY = YES;
				CLANG_WARN_ENUM_CONVERSION = YES;
				CLANG_WARN_INFINITE_RECURSION = YES;
				CLANG_WARN_INT_CONVERSION = YES;
				CLANG_WARN_NON_LITERAL_NULL_CONVERSION = YES;
				CLANG_WARN_OBJC_IMPLICIT_RETAIN_SELF = YES;
				CLANG_WARN_OBJC_LITERAL_CONVERSION = YES;
				CLANG_WARN_OBJC_ROOT_CLASS = YES_ERROR;
				CLANG_WARN_QUOTED_INCLUDE_IN_FRAMEWORK_HEADER = YES;
				CLANG_WARN_RANGE_LOOP_ANALYSIS = YES;
				CLANG_WARN_STRICT_PROTOTYPES = YES;
				CLANG_WARN_SUSPICIOUS_MOVE = YES;
				CLANG_WARN_UNGUARDED_AVAILABILITY = YES_AGGRESSIVE;
				CLANG_WARN_UNREACHABLE_CODE = YES;
				CLANG_WARN__DUPLICATE_METHOD_MATCH = YES;
				COPY_PHASE_STRIP = NO;
				DEBUG_INFORMATION_FORMAT = "dwarf-with-dsym";
				ENABLE_NS_ASSERTIONS = NO;
				ENABLE_STRICT_OBJC_MSGSEND = YES;
				GCC_C_LANGUAGE_STANDARD = gnu11;
				GCC_NO_COMMON_BLOCKS = YES;
				GCC_WARN_64_TO_32_BIT_CONVERSION = YES;
				GCC_WARN_ABOUT_RETURN_TYPE = YES_ERROR;
				GCC_WARN_UNDECLARED_SELECTOR = YES;
				GCC_WARN_UNINITIALIZED_AUTOS = YES_AGGRESSIVE;
				GCC_WARN_UNUSED_FUNCTION = YES;
				GCC_WARN_UNUSED_VARIABLE = YES;
				IPHONEOS_DEPLOYMENT_TARGET = 15.5;
				MTL_ENABLE_DEBUG_INFO = NO;
				MTL_FAST_MATH = YES;
				SDKROOT = iphoneos;
				SWIFT_COMPILATION_MODE = wholemodule;
				SWIFT_OPTIMIZATION_LEVEL = "-O";
				VALIDATE_PRODUCT = YES;
			};
			name = Release;
		};
		84EFC15E284F94CA00F814BE /* Debug */ = {
			isa = XCBuildConfiguration;
			buildSettings = {
				ASSETCATALOG_COMPILER_GLOBAL_ACCENT_COLOR_NAME = AccentColor;
				CODE_SIGN_STYLE = Automatic;
				CURRENT_PROJECT_VERSION = 1;
				GENERATE_INFOPLIST_FILE = YES;
				INFOPLIST_FILE = PocketFile/Info.plist;
				INFOPLIST_KEY_UIApplicationSupportsIndirectInputEvents = YES;
				INFOPLIST_KEY_UILaunchStoryboardName = LaunchScreen;
				INFOPLIST_KEY_UISupportedInterfaceOrientations_iPad = "UIInterfaceOrientationPortrait UIInterfaceOrientationPortraitUpsideDown UIInterfaceOrientationLandscapeLeft UIInterfaceOrientationLandscapeRight";
				INFOPLIST_KEY_UISupportedInterfaceOrientations_iPhone = "UIInterfaceOrientationPortrait UIInterfaceOrientationLandscapeLeft UIInterfaceOrientationLandscapeRight";
				IPHONEOS_DEPLOYMENT_TARGET = 15.0;
				LD_RUNPATH_SEARCH_PATHS = (
					"$(inherited)",
					"@executable_path/Frameworks",
				);
				MARKETING_VERSION = 1.0.0;
				PRODUCT_BUNDLE_IDENTIFIER = OstapTyvonovych.PocketFile;
				PRODUCT_NAME = "$(TARGET_NAME)";
				SWIFT_EMIT_LOC_STRINGS = YES;
				SWIFT_VERSION = 5.0;
				TARGETED_DEVICE_FAMILY = "1,2";
			};
			name = Debug;
		};
		84EFC15F284F94CA00F814BE /* Release */ = {
			isa = XCBuildConfiguration;
			buildSettings = {
				ASSETCATALOG_COMPILER_GLOBAL_ACCENT_COLOR_NAME = AccentColor;
				CODE_SIGN_STYLE = Automatic;
				CURRENT_PROJECT_VERSION = 1;
				GENERATE_INFOPLIST_FILE = YES;
				INFOPLIST_FILE = PocketFile/Info.plist;
				INFOPLIST_KEY_UIApplicationSupportsIndirectInputEvents = YES;
				INFOPLIST_KEY_UILaunchStoryboardName = LaunchScreen;
				INFOPLIST_KEY_UISupportedInterfaceOrientations_iPad = "UIInterfaceOrientationPortrait UIInterfaceOrientationPortraitUpsideDown UIInterfaceOrientationLandscapeLeft UIInterfaceOrientationLandscapeRight";
				INFOPLIST_KEY_UISupportedInterfaceOrientations_iPhone = "UIInterfaceOrientationPortrait UIInterfaceOrientationLandscapeLeft UIInterfaceOrientationLandscapeRight";
				IPHONEOS_DEPLOYMENT_TARGET = 15.0;
				LD_RUNPATH_SEARCH_PATHS = (
					"$(inherited)",
					"@executable_path/Frameworks",
				);
				MARKETING_VERSION = 1.0.0;
				PRODUCT_BUNDLE_IDENTIFIER = OstapTyvonovych.PocketFile;
				PRODUCT_NAME = "$(TARGET_NAME)";
				SWIFT_EMIT_LOC_STRINGS = YES;
				SWIFT_VERSION = 5.0;
				TARGETED_DEVICE_FAMILY = "1,2";
			};
			name = Release;
		};
/* End XCBuildConfiguration section */

/* Begin XCConfigurationList section */
		84EFC144284F94C800F814BE /* Build configuration list for PBXProject "PocketFile" */ = {
			isa = XCConfigurationList;
			buildConfigurations = (
				84EFC15B284F94CA00F814BE /* Debug */,
				84EFC15C284F94CA00F814BE /* Release */,
			);
			defaultConfigurationIsVisible = 0;
			defaultConfigurationName = Release;
		};
		84EFC15D284F94CA00F814BE /* Build configuration list for PBXNativeTarget "PocketFile" */ = {
			isa = XCConfigurationList;
			buildConfigurations = (
				84EFC15E284F94CA00F814BE /* Debug */,
				84EFC15F284F94CA00F814BE /* Release */,
			);
			defaultConfigurationIsVisible = 0;
			defaultConfigurationName = Release;
		};
/* End XCConfigurationList section */
	};
	rootObject = 84EFC141284F94C800F814BE /* Project object */;
}
